<?xml version="1.0" encoding="utf-8"?>
<Project ToolsVersion="4.0" xmlns="http://schemas.microsoft.com/developer/msbuild/2003">
  <ItemGroup>
    <Filter Include="Source Files">
      <UniqueIdentifier>{4FC737F1-C7A5-4376-A066-2A32D752A2FF}</UniqueIdentifier>
      <Extensions>cpp;c;cc;cxx;def;odl;idl;hpj;bat;asm;asmx</Extensions>
    </Filter>
    <Filter Include="Header Files">
      <UniqueIdentifier>{93995380-89BD-4b04-88EB-625FBE52EBFB}</UniqueIdentifier>
      <Extensions>h;hh;hpp;hxx;hm;inl;inc;xsd</Extensions>
    </Filter>
    <Filter Include="Resource Files">
      <UniqueIdentifier>{67DA6AB6-F800-4c08-8B7A-83BB121AAD01}</UniqueIdentifier>
      <Extensions>rc;ico;cur;bmp;dlg;rc2;rct;bin;rgs;gif;jpg;jpeg;jpe;resx;tiff;tif;png;wav;mfcribbon-ms</Extensions>
    </Filter>
  </ItemGroup>
  <ItemGroup>
    <ClInclude Include="3DPipelineTools.h">
      <Filter>Header Files</Filter>
    </ClInclude>
    <ClInclude Include="AECollision.h">
      <Filter>Header Files</Filter>
    </ClInclude>
    <ClInclude Include="AEEngine.h">
      <Filter>Header Files</Filter>
    </ClInclude>
    <ClInclude Include="AEExport.h">
      <Filter>Header Files</Filter>
    </ClInclude>
    <ClInclude Include="AEFrameRateController.h">
      <Filter>Header Files</Filter>
    </ClInclude>
    <ClInclude Include="AEGameStateMgr.h">
      <Filter>Header Files</Filter>
    </ClInclude>
    <ClInclude Include="AEGraphics.h">
      <Filter>Header Files</Filter>
    </ClInclude>
    <ClInclude Include="AEInput.h">
      <Filter>Header Files</Filter>
    </ClInclude>
    <ClInclude Include="AELineSegment2.h">
      <Filter>Header Files</Filter>
    </ClInclude>
    <ClInclude Include="AEMath.h">
      <Filter>Header Files</Filter>
    </ClInclude>
    <ClInclude Include="AEMtx33.h">
      <Filter>Header Files</Filter>
    </ClInclude>
    <ClInclude Include="AESystem.h">
      <Filter>Header Files</Filter>
    </ClInclude>
    <ClInclude Include="AETypes.h">
      <Filter>Header Files</Filter>
    </ClInclude>
    <ClInclude Include="AEUtil.h">
      <Filter>Header Files</Filter>
    </ClInclude>
    <ClInclude Include="AEVec2.h">
      <Filter>Header Files</Filter>
    </ClInclude>
    <ClInclude Include="GameStateList.h">
      <Filter>Header Files</Filter>
    </ClInclude>
    <ClInclude Include="GameStateManager.h">
      <Filter>Header Files</Filter>
    </ClInclude>
    <ClInclude Include="Input.h">
      <Filter>Header Files</Filter>
    </ClInclude>
    <ClInclude Include="Level1.h">
      <Filter>Header Files</Filter>
    </ClInclude>
    <ClInclude Include="Level2.h">
      <Filter>Header Files</Filter>
    </ClInclude>
    <ClInclude Include="System.h">
      <Filter>Header Files</Filter>
    </ClInclude>
  </ItemGroup>
  <ItemGroup>
    <None Include="glew32.dll">
      <Filter>Header Files</Filter>
    </None>
    <None Include="Alpha_Engine.dll">
      <Filter>Header Files</Filter>
    </None>
  </ItemGroup>
  <ItemGroup>
    <Library Include="Alpha_Engine.lib">
      <Filter>Header Files</Filter>
    </Library>
  </ItemGroup>
  <ItemGroup>
    <ClCompile Include="GameStateManager.c">
      <Filter>Header Files</Filter>
    </ClCompile>
    <ClCompile Include="Input.c">
      <Filter>Header Files</Filter>
    </ClCompile>
    <ClCompile Include="Level1.c">
      <Filter>Header Files</Filter>
    </ClCompile>
    <ClCompile Include="Level2.c">
      <Filter>Header Files</Filter>
    </ClCompile>
    <ClCompile Include="System.c">
      <Filter>Header Files</Filter>
    </ClCompile>
    <ClCompile Include="main.c">
      <Filter>Source Files</Filter>
    </ClCompile>
  </ItemGroup>
  <ItemGroup>
    <Text Include="Output.txt">
      <Filter>Header Files</Filter>
    </Text>
  </ItemGroup>
  <ItemGroup>
    <Image Include="..\..\..\游戏c文件\GProj_Asteroid\GProj_Asteroid\PlanetTexture.png">
      <Filter>Header Files</Filter>
    </Image>
  </ItemGroup>
</Project>